%{"bear": {:git, "git://github.com/boundary/bear.git", "119234548783af19b8ec75c879c5062676b92571", [tag: "0.8.2"]},
  "earmark": {:hex, :earmark, "0.2.1"},
  "edown": {:hex, :edown, "0.7.0"},
  "ex_doc": {:hex, :ex_doc, "0.11.4"},
  "exometer_core": {:git, "https://github.com/Feuerlabs/exometer_core.git", "5fdd9426713a3c26cae32f644a3120711b1cdb64", [ref: "5fdd9426713a3c26cae32f644a3120711b1cdb64"]},
  "folsom": {:git, "git://github.com/folsom-project/folsom", "38e2cce7c64ce1f0a3a918d90394cfc0a940b1ba", [ref: "38e2cce"]},
  "goldrush": {:git, "git://github.com/DeadZen/goldrush.git", "64864ba7fcf40988361340e48680b49a2c2938cf", [tag: "0.1.7"]},
  "lager": {:git, "git://github.com/basho/lager.git", "599dda6786a81200e00b3d9b4b36951e052727a3", [tag: "3.0.2"]},
  "meck": {:hex, :meck, "0.8.4"},
  "parse_trans": {:git, "git://github.com/uwiger/parse_trans.git", "a210adafdfbb904d156d8f22abd5fb58fc17de1e", [tag: "2.9.2"]},
  "poison": {:hex, :poison, "2.1.0"},
  "setup": {:git, "git://github.com/uwiger/setup.git", "5c7d635145e5ffb8b0fa6b470770cdd1cb16b0b2", [tag: "1.6"]}}
